{
  "name": "@utilsofweb/logic",
  "version": "1.0.0",
  "lockfileVersion": 1,
  "requires": true,
  "dependencies": {
    "@types/qs": {
      "version": "6.9.2",
      "resolved": "https://registry.npmjs.org/@types/qs/-/qs-6.9.2.tgz",
      "integrity": "sha512-a9bDi4Z3zCZf4Lv1X/vwnvbbDYSNz59h3i3KdyuYYN+YrLjSeJD0dnphdULDfySvUv6Exy/O0K6wX/kQpnPQ+A=="
    },
    "@types/tapable": {
      "version": "1.0.6",
      "resolved": "https://registry.npmjs.org/@types/tapable/-/tapable-1.0.6.tgz",
      "integrity": "sha512-W+bw9ds02rAQaMvaLYxAbJ6cvguW/iJXNT6lTssS1ps6QdrMKttqEAMEG/b5CR8TZl3/L7/lH0ZV5nNR1LXikA=="
    },
    "qs": {
      "version": "6.9.4",
      "resolved": "https://registry.npmjs.org/qs/-/qs-6.9.4.tgz",
      "integrity": "sha512-A1kFqHekCTM7cz0udomYUoYNWjBebHm/5wzU/XqrBRBNWectVH0QIiN+NEcZ0Dte5hvzHwbr8+XQmguPhJ6WdQ=="
    },
    "tapable": {
      "version": "2.2.0",
      "resolved": "https://registry.npmjs.org/tapable/-/tapable-2.2.0.tgz",
      "integrity": "sha512-FBk4IesMV1rBxX2tfiK8RAmogtWn53puLOQlvO8XuwlgxcYbP4mVPS9Ph4aeamSyyVjOl24aYWAuc8U5kCVwMw=="
    }
  }
}
